
Microsoft Visual Studio Solution File, Format Version 12.00
# Visual Studio Version 17
VisualStudioVersion = 17.9.34723.18
MinimumVisualStudioVersion = 10.0.40219.1
Project("{FAE04EC0-301F-11D3-BF4B-00C04F79EFBC}") = "SheetM", "SheetM\SheetM.csproj", "{52E4735A-D68C-4BC5-86A8-56D12060AF0A}"
EndProject
Global
	GlobalSection(SolutionConfigurationPlatforms) = preSolution
		Debug|Any CPU = Debug|Any CPU
		Release|Any CPU = Release|Any CPU
	EndGlobalSection
	GlobalSection(ProjectConfigurationPlatforms) = postSolution
		{52E4735A-D68C-4BC5-86A8-56D12060AF0A}.Debug|Any CPU.ActiveCfg = Debug|Any CPU
		{52E4735A-D68C-4BC5-86A8-56D12060AF0A}.Debug|Any CPU.Build.0 = Debug|Any CPU
		{52E4735A-D68C-4BC5-86A8-56D12060AF0A}.Release|Any CPU.ActiveCfg = Release|Any CPU
		{52E4735A-D68C-4BC5-86A8-56D12060AF0A}.Release|Any CPU.Build.0 = Release|Any CPU
	EndGlobalSection
	GlobalSection(SolutionProperties) = preSolution
		HideSolutionNode = FALSE
	EndGlobalSection
	GlobalSection(ExtensibilityGlobals) = postSolution
		SolutionGuid = {BA7DD46F-4311-4879-A905-D70E89F16BAC}
	EndGlobalSection
EndGlobal
